{
  "name": "craco-graphql-loader",
  "version": "1.0.0",
  "lockfileVersion": 1,
  "requires": true,
  "dependencies": {
    "graphql-tag": {
      "version": "2.10.3",
      "resolved": "https://registry.npmjs.org/graphql-tag/-/graphql-tag-2.10.3.tgz",
      "integrity": "sha512-4FOv3ZKfA4WdOKJeHdz6B3F/vxBLSgmBcGeAFPf4n1F64ltJUvOOerNj0rsJxONQGdhUMynQIvd6LzB+1J5oKA=="
    }
  }
}
